
Microsoft Visual Studio Solution File, Format Version 12.00
# Visual Studio Version 17
VisualStudioVersion = 17.8.34330.188
MinimumVisualStudioVersion = 10.0.40219.1
Project("{FAE04EC0-301F-11D3-BF4B-00C04F79EFBC}") = "Banking System Project", "Banking System Project\Banking System Project.csproj", "{E5CC0B57-5A20-4690-993D-BB12BE4F3CF9}"
EndProject
Global
	GlobalSection(SolutionConfigurationPlatforms) = preSolution
		Debug|Any CPU = Debug|Any CPU
		Release|Any CPU = Release|Any CPU
	EndGlobalSection
	GlobalSection(ProjectConfigurationPlatforms) = postSolution
		{E5CC0B57-5A20-4690-993D-BB12BE4F3CF9}.Debug|Any CPU.ActiveCfg = Debug|Any CPU
		{E5CC0B57-5A20-4690-993D-BB12BE4F3CF9}.Debug|Any CPU.Build.0 = Debug|Any CPU
		{E5CC0B57-5A20-4690-993D-BB12BE4F3CF9}.Release|Any CPU.ActiveCfg = Release|Any CPU
		{E5CC0B57-5A20-4690-993D-BB12BE4F3CF9}.Release|Any CPU.Build.0 = Release|Any CPU
	EndGlobalSection
	GlobalSection(SolutionProperties) = preSolution
		HideSolutionNode = FALSE
	EndGlobalSection
	GlobalSection(ExtensibilityGlobals) = postSolution
		SolutionGuid = {73D112A9-E109-4C62-8FD1-D315044F0914}
	EndGlobalSection
EndGlobal
